
Microsoft Visual Studio Solution File, Format Version 12.00
# Visual Studio Version 17
VisualStudioVersion = 17.5.33516.290
MinimumVisualStudioVersion = 10.0.40219.1
Project("{FAE04EC0-301F-11D3-BF4B-00C04F79EFBC}") = "Lab 10 - 21i-1239", "Lab 10 - 21i-1239.csproj", "{66423A5F-F9C1-4B1E-A7D7-0829F03C7ACB}"
EndProject
Global
	GlobalSection(SolutionConfigurationPlatforms) = preSolution
		Debug|Any CPU = Debug|Any CPU
		Release|Any CPU = Release|Any CPU
	EndGlobalSection
	GlobalSection(ProjectConfigurationPlatforms) = postSolution
		{66423A5F-F9C1-4B1E-A7D7-0829F03C7ACB}.Debug|Any CPU.ActiveCfg = Debug|Any CPU
		{66423A5F-F9C1-4B1E-A7D7-0829F03C7ACB}.Debug|Any CPU.Build.0 = Debug|Any CPU
		{66423A5F-F9C1-4B1E-A7D7-0829F03C7ACB}.Release|Any CPU.ActiveCfg = Release|Any CPU
		{66423A5F-F9C1-4B1E-A7D7-0829F03C7ACB}.Release|Any CPU.Build.0 = Release|Any CPU
	EndGlobalSection
	GlobalSection(SolutionProperties) = preSolution
		HideSolutionNode = FALSE
	EndGlobalSection
	GlobalSection(ExtensibilityGlobals) = postSolution
		SolutionGuid = {2925189B-D491-45E8-B975-08C92D7E87E7}
	EndGlobalSection
EndGlobal
